t4_port_direct_rows_have_tests	0392da8c2da4b742db9078be3aa572276b89b637cefa35639acd0f1f5a3e76e8
t4_port_integrity	0a9e2012b88ed2ad2b05d80afd95ba6affd2230296ef357565f3d9cafb77f664
t4_port_no_foreign_harness	5c61ae467fc6fa16d8907fa0386ad911d9af709763af8ec82402531e757caada
t4_port_t4000_no_patch_in_git_diff_no_patch_compact_summary_is_a_no_op	34b5ed7dd723c8eb3f4497026db69c60dd6cefd4c57ae7c544256a1356296d97
t4_port_t4000_no_patch_in_git_diff_no_patch_numstat_is_a_no_op	c3546798dad00d0971b16c3627192d6971554ba9ce38d275e4f72fc7259aa157
t4_port_t4000_no_patch_in_git_diff_no_patch_raw_is_a_no_op	1e8c4f1bbec197ab620c93646c7cec4d98b67d5184f3942addf369bf57960694
t4_port_t4000_no_patch_in_git_diff_no_patch_shortstat_is_a_no_op	cc383adce866a1b935ab462bf131779ef21372d8a309f38612f2a493d2082760
t4_port_t4000_no_patch_in_git_diff_no_patch_stat_is_a_no_op	714f667e47e25a65dfa136c76e560cfefd526e6a6db023dcb94215adcd953693
t4_port_t4000_no_patch_in_git_diff_no_patch_summary_is_a_no_op	23ee0fba76202358f848fb89ea216392faf98e7c804deee0f6d6dabc801caca4
t4_port_t4000_update_index_add_two_files_with_and_without_x	b5b2eb1d843d98d44afeb2fa41d66d36798d65219fe9c73a0481051e32923388
t4_port_t4001_favour_same_basenames_even_with_minor_differences	a93fb6f6e4e43d1ee570f9670a228ae43ab44890f75b63aed6bc7ca13e11e6eb
t4_port_t4001_favour_same_basenames_over_different_ones	218d13dd55f262153a367ecd72b1f21008743ff176226c4733c6fa93090a40a5
t4_port_t4001_rename_pretty_print_common_prefix_and_suffix_overlap	9ddd1c35c89a701a1a53124c916a7aa1caabfcc501f25966081d739b0ce3f2aa
t4_port_t4001_rename_pretty_print_with_common_prefix	71560e9cb4aaf26aeb0e81a500378d485782d1252225104fe5c51fa3cee864af
t4_port_t4001_rename_pretty_print_with_common_prefix_and_suffix	149bd9905d3ed6edde9253c1243abd4e511dda36d7b5bb966000e105339c9717
t4_port_t4001_rename_pretty_print_with_common_suffix	df5d8635ddefbd4e1bbe11a3766243f8f195ae8937b56f7f5ae8d49a7d6ee627
t4_port_t4001_rename_pretty_print_with_nothing_in_common	d89abff97e65eadf842117d1511c2f5fbd4ca3b88de2678ee676a2efc936d8c4
t4_port_t4001_renamed_and_edited_the_file	93317309156fdc3ef41298fc597dc8ec59bfbaba8f7155e38001b611607eb950
t4_port_t4001_setup	faa134124c921130ad2ea26dce58089e23de17883de569177aaaf28f4a6fa247
t4_port_t4001_test_diff_renames_unset	fd0c2e9c079a408c2fd0d5fce16ccb6c1b49ae02638c4aa09dac6acc5c35f13c
t4_port_t4001_two_files_with_same_basename_and_same_content	484936836a45965d34f11e2b6f1794a141b0416b53959a5791057ec9923ee3cf
t4_port_t4001_update_index_add_a_file	54c4df3d08af70f21cf7fcb7758570b7cde2f0b2b01a377083dd213a62b46b32
t4_port_t4001_write_that_tree	c1aaf4f553d0bcf23c8d54de1b0c8b74cc05d3e382e7bafe51931610a68b0720
t4_port_t4003_prepare_reference_tree	d31e04ebed67892ddb7b4c6f407e9584f3375d2b6ee2250e5544770dc239a8cd
t4_port_t4004_prepare_reference_tree	42c2b7a6a0d1306cbead7b3cc633b4bcf7cee5942fe6a78a314c59b65a1b8fa9
t4_port_t4004_prepare_work_tree	4a770f75fc17bfef28e862c28852b968ef55270fe6235858d17b7cada57317de
t4_port_t4005_setup_reference_tree	327f96b4dfb70d981d587ae3149d8682e245d1f7243eafb43de27cca03c3b30d
t4_port_t4006_prepare_binary_file	25433e4539c38428a263cf6a3a73349632f6d523e62285bd69b437e52f6d104b
t4_port_t4006_setup	df3328e148c01c10b7e88fb8e8fd65482d5b6d242601fc380f72397c47496eb0
t4_port_t4006_shortstat_output_after_binary_chmod	7aa4fe849eef12f6d96569266194e4380aaad64459af9781333b038bd6e33a1e
t4_port_t4006_shortstat_output_after_text_chmod	338c6dd54fdfc7b41bc16825a4abe8535b5176dd74861755b64e1492f2288ff8
t4_port_t4006_stat_output_after_binary_chmod	c4b6b80dc6838226254c2fe70e02de9bbd93f4f62989143683d99f8bb7d298d3
t4_port_t4006_stat_output_after_text_chmod	8a17e5107f42e0087fcbbe885208191c36f44be3e0ed761da5abdc79da1ab414
t4_port_t4007_prepare_reference_tree	8c11fa396529b170420e6b481370383d25970c27c75f7ee54d7e14aa96147192
t4_port_t4007_prepare_work_tree	2d505c35c96d1134cb6ad891885a7209a37d586008f11b81933413e23630b7a8
t4_port_t4007_tweak_index	8c93253a628eeb262dc0dc8d13a1483cdd7731f1f4bc8afe29d4c636d4374db6
t4_port_t4009_prepare_reference_tree	dfab12a34b2e61d79e4fa06dfa514595914ffbd3dd02be6e51fb0f9ca830d7cb
t4_port_t4010_diff_cache_ignores_trailing_slash_on_submodule_path	3f94c8ed96def2dac79930084420cb4314892924f06c5bbb56a5c18a2935ca77
t4_port_t4010_diff_multiple_wildcard_pathspecs	154a9960b747dbbd0dd7a56856990a8992727443d0a454dc898e5bfe598720ea
t4_port_t4010_diff_tree_ignores_trailing_slash_on_submodule_path	dc807a3e613b96e8fdb5c4227fdb8a692b92e26a6e0eaaf5f84d9c3d21f5c72c
t4_port_t4010_setup	2d6960d7a5e72e28349899b5c295513e02f891c2c75549d30cd6e6680922111d
t4_port_t4010_setup_submodules	1ee3843e710170c075d19855a5ced942eb000a49d3b547892bc488704b4241e4
t4_port_t4015_format_patch_attach_produces_mime_attachment	28bb9dda963ed5b358eaf748230b9bd79120a36a7ebc463dd388f3601e8ac554
t4_port_t4015_format_patch_base_commit_adds_base_commit_info	4492ab1c1a9c5be5bc978ba6ea5889e1838df8ffcd50bc8432650026b7c88ca0
t4_port_t4015_format_patch_base_with_multi_patch_puts_base_commit_on_last_patch_only	75ad251a3978617472703b62ed0502dbeb9e878129ae08bc18c030e3b9d93c3a
t4_port_t4015_format_patch_cc_adds_cc_header	652aeb574bde71dcd1504a0098440766c7721ef7ef6c541904f74a150e5814d3
t4_port_t4015_format_patch_cc_and_to_can_be_combined	2c212c76a6bbcd679369d72f199d70d67a56457b5b6fe3202596874f99a15dcd
t4_port_t4015_format_patch_in_reply_to_adds_in_reply_to_and_references	078b4edd77b343a0def6f70ba018af63ea7f679a77527ad6142b54e3a97b8bbf
t4_port_t4015_format_patch_inline_produces_mime_inline	2e1261025292c0ac38f37a09b1a39e847762a1678c3c5307dcba222bf19f5deb
t4_port_t4015_format_patch_s_adds_signed_off_by	e3e2939823f0af4fe510c0540f207933a15e8bafaa5890130def72d5f5430347
t4_port_t4015_format_patch_signoff_adds_signed_off_by	f9a39747e2f80d307c6f7ca848c36495eac773d25a313dbbdb8e59b101856e47
t4_port_t4015_format_patch_to_adds_to_header	758a437beba1e27b633ca012723845901a32ee77eef4184dcf565998b688fd28
t4_port_t4015_setup	8a13c8f41c32f1d42827e4aebff4176e2b4dbcc7de6e84bcad777254644b42dc
t4_port_t4016_git_diff_numstat_m_head	a204c3bb252dc0f2c52cf75999a468a983635c65d0e67e3d8fb3d5dd8fcffeca
t4_port_t4016_git_diff_stat_m_head	473c98abbef8dcd8150f29b76f7b2a2b93e31b2b433d452022ce63ee1501049f
t4_port_t4016_git_diff_summary_m_head	7de4e799576838a1b210e36db0e10cd0e2b198b5b9df1718f0bd7f91acb842ba
t4_port_t4016_setup	70f10d64bbb4da4ab41158203ab1c64b801023a7fd8a4c4a4d4f9a40160c9bdb
t4_port_t4016_setup_expected_files	ece9a95b0abb6fdf56c57c8f94d8b56c5bcab76dbd3330aec9ea87513e33d77a
t4_port_t4017_check_detects_leftover_conflict_markers	e238fd97f8da0289a8fae4d95a9081bfd742343c44426b27842b10575fadb388
t4_port_t4017_check_exit_code_returns_0_for_no_difference	db30068040329549f55aa53970bdb178b007f6107e16af1ba190fbdda98616d1
t4_port_t4017_check_exit_code_returns_1_for_a_clean_difference	204117ebde9b3a59e25e58690bd168b0029f99aab3aaeba83162a666b8ce1307
t4_port_t4017_check_exit_code_returns_3_for_a_dirty_difference	4272129920b7666c5b0bffd7858990ada34963494556763989f957cf52d9e24d
t4_port_t4017_check_honors_conflict_marker_length	691b2486fe74f60f22df2cc8c3ccfa973706c321440266d646b82ffb21f8a4d8
t4_port_t4017_check_should_test_not_just_the_last_line	13dafda01384958c8fcaf7959dae1eec711c77008d93ff575b424e815adcf2df
t4_port_t4017_check_with_no_pager_returns_2_for_dirty_difference	a20448abb136d7a909162e063c52ac1d767cc4b4e5b176c04d16972da4d655fb
t4_port_t4017_git_diff_exit_code_returns_1_for_changed_binary_file	0256558f3004019b5712b2c81bd397b4bdb8e8978b372bd564f32cc3737b6c40
t4_port_t4017_git_diff_exit_code_returns_1_for_renamed_file	8c9cbb5a10a5a4da2c5a1e1756d2d1b5c0e740b86276af441ab53ddf03ebe805
t4_port_t4017_git_diff_opts_returns_1_for_dirty_subrepo	bf7e5006f0c40d2a1c4b3ff31383c0a7c6d2d81856ec94d15261619b922026c0
t4_port_t4017_git_diff_opts_returns_1_for_dirty_subrepo_2	0b54b66d59334be6bf006aca7045d2d66226a3b2b97df8aa6c02a1085a9cf1a0
t4_port_t4017_git_diff_opts_returns_1_for_dirty_subrepo_3	7585ee95dcc18cbe883c9023b679492d7e04d52a6569a5848953846d208256af
t4_port_t4017_git_diff_opts_returns_1_for_dirty_subrepo_4	905a8c335895ded8955e50a292720ccb4aeba1b3a7b7411bc2e1cfb6b6f97972
t4_port_t4017_git_diff_opts_returns_1_for_dirty_subrepo_5	ab9dbdbe0c06943b1e2ec5d2dcca540a1136da502b917da1bfbdf2f4d2d440b7
t4_port_t4017_git_diff_opts_returns_1_for_dirty_subrepo_6	c890ff0adb06e8e5f9be1709c5c945f613d5e64278cd209767ebca2c017bd837
t4_port_t4017_git_diff_quiet_head_head	7fe6cf8818b975dc6bd8498cd6aa241d72ae9182cbab5bf7d87e27c7ad46be0a
t4_port_t4017_git_diff_quiet_returns_1_for_changed_binary_file	c61d8dfe2b63a11cebeeb8257438b78f9b36eb74b8551bb00060ef9d37cdb770
t4_port_t4017_git_diff_quiet_returns_1_for_renamed_file	acd06322dc30ae349593ca6866b9b33607b91188aa1a69173ef8a1ad74a3d3bc
t4_port_t4017_git_diff_quiet_w_head_head	71aed6be2b809456bf3791bcc3f85869e11124b773d11a1294b8604c29683721
t4_port_t4017_git_diff_quiet_w_head_head_2	1176433d1e63e8284739a58a8a4b8a894b71fe46d2f16a54a1c9f58fe72b215c
t4_port_t4017_setup	5998338cd85c167c646308512f694c9029bf19c34938a216b7042c70deecf2cf
t4_port_t4017_setup_dirty_subrepo	d03348e75ecd14b7b8732434bf2107b0fd46abe359832fb99492eb746b2e62f1
t4_port_tests_document_scope_and_boundaries	78a49a9ccc012f05ff3d4028d00042e2e3235b843711fffe5f227ec9036cd01b
