add	add	git-compatible	COMPATIBILITY.md:121
commit	-m	git-compatible	COMPATIBILITY.md:147
diff	--check	git-compatible	docs/commands/diff.md#options
diff	--exit-code	git-compatible	docs/commands/diff.md#options
diff	--name-only	git-compatible	docs/commands/diff.md#options
diff	--no-patch	git-compatible	docs/commands/diff.md#options
diff	--numstat	git-compatible	docs/commands/diff.md#options
diff	--quiet	git-compatible	docs/commands/diff.md#options
diff	--shortstat	git-compatible	docs/commands/diff.md#options
diff	--stat	git-compatible	docs/commands/diff.md#options
diff	--summary	git-compatible	docs/commands/diff.md#options
diff	-C	absent	docs/commands/diff.md#options
diff	-M	git-compatible	docs/commands/diff.md#options
diff	diff	git-compatible	docs/commands/diff.md#options
diff-files	--compact-summary	absent	docs/commands/diff.md#options
diff-files	--exit-code	absent	docs/commands/diff.md#options
diff-files	--no-patch	absent	docs/commands/diff.md#options
diff-files	--numstat	absent	docs/commands/diff.md#options
diff-files	--raw	absent	docs/commands/diff.md#options
diff-files	--shortstat	absent	docs/commands/diff.md#options
diff-files	--stat	absent	docs/commands/diff.md#options
diff-files	--summary	absent	docs/commands/diff.md#options
diff-files	-C	absent	docs/commands/diff.md#options
diff-files	-s	absent	docs/commands/diff.md#options
diff-files	porcelain flag surface	intentionally-different	COMPATIBILITY.md:167
diff-index	--cached	deferred	docs/commands/diff-index.md#comparison-with-git
diff-index	--exit-code	absent	docs/commands/diff.md#options
diff-index	-C	absent	docs/commands/diff.md#options
diff-index	-M	absent	docs/commands/diff.md#options
diff-index	-z	absent	docs/commands/diff.md#options
diff-index	raw output	absent	docs/commands/diff-index.md#comparison-with-git
diff-tree	--exit-code	absent	docs/commands/diff.md#options
diff-tree	--name-only	absent	docs/commands/diff.md#options
diff-tree	--stdin	absent	docs/commands/diff-tree.md#comparison-with-git
diff-tree	-M	absent	docs/commands/diff.md#options
diff-tree	-r	absent	docs/commands/diff-tree.md#comparison-with-git
format-patch	--attach	git-compatible	COMPATIBILITY.md:161
format-patch	--base	git-compatible	COMPATIBILITY.md:161
format-patch	--cc	git-compatible	COMPATIBILITY.md:161
format-patch	--in-reply-to	git-compatible	COMPATIBILITY.md:161
format-patch	--inline	git-compatible	COMPATIBILITY.md:161
format-patch	--signoff	git-compatible	COMPATIBILITY.md:161
format-patch	--stdout	git-compatible	COMPATIBILITY.md:161
format-patch	--to	git-compatible	COMPATIBILITY.md:161
format-patch	-s	git-compatible	COMPATIBILITY.md:161
hash-object	hash-object	git-compatible	COMPATIBILITY.md:176
mv	mv	git-compatible	COMPATIBILITY.md:128
rev-parse	rev-parse	git-compatible	COMPATIBILITY.md:154
status	status	git-compatible	COMPATIBILITY.md:130
update-index	--add	git-compatible	COMPATIBILITY.md:179
update-index	--remove	git-compatible	COMPATIBILITY.md:179
write-tree	write-tree	git-compatible	COMPATIBILITY.md:177
